PODS:
  - SVProgressHUD (2.2.5)
  - SwiftLint (0.49.1)

DEPENDENCIES:
  - SVProgressHUD
  - SwiftLint

SPEC REPOS:
  trunk:
    - SVProgressHUD
    - SwiftLint

SPEC CHECKSUMS:
  SVProgressHUD: 1428aafac632c1f86f62aa4243ec12008d7a51d6
  SwiftLint: 32ee33ded0636d0905ef6911b2b67bbaeeedafa5

PODFILE CHECKSUM: 53f6e64894c238c28534558bdf0c499eaf3cff97

COCOAPODS: 1.11.3
