// !$*UTF8*$!
{
	archiveVersion = 1;
	classes = {
	};
	objectVersion = 56;
	objects = {

/* Begin PBXBuildFile section */
		844E431629110F1C006B713B /* HistoryTableCellViewModel.swift in Sources */ = {isa = PBXBuildFile; fileRef = 844E431529110F1C006B713B /* HistoryTableCellViewModel.swift */; };
		844E431A29115F7C006B713B /* DetailViewController.swift in Sources */ = {isa = PBXBuildFile; fileRef = 844E431829115F7C006B713B /* DetailViewController.swift */; };
		844E431B29115F7C006B713B /* DetailViewController.xib in Resources */ = {isa = PBXBuildFile; fileRef = 844E431929115F7C006B713B /* DetailViewController.xib */; };
		844E431D29115F99006B713B /* DetailViewModel.swift in Sources */ = {isa = PBXBuildFile; fileRef = 844E431C29115F99006B713B /* DetailViewModel.swift */; };
		844E43242911627B006B713B /* CarouselCollectionCellViewModel.swift in Sources */ = {isa = PBXBuildFile; fileRef = 844E43232911627B006B713B /* CarouselCollectionCellViewModel.swift */; };
		844E4327291164EB006B713B /* CarouselCollectionViewCell.swift in Sources */ = {isa = PBXBuildFile; fileRef = 844E4325291164EB006B713B /* CarouselCollectionViewCell.swift */; };
		844E4328291164EB006B713B /* CarouselCollectionViewCell.xib in Resources */ = {isa = PBXBuildFile; fileRef = 844E4326291164EB006B713B /* CarouselCollectionViewCell.xib */; };
		844E432A29120008006B713B /* ImageView+Ext.swift in Sources */ = {isa = PBXBuildFile; fileRef = 844E432929120008006B713B /* ImageView+Ext.swift */; };
		844E432F29121297006B713B /* CartViewController.swift in Sources */ = {isa = PBXBuildFile; fileRef = 844E432D29121297006B713B /* CartViewController.swift */; };
		844E433029121297006B713B /* CartViewController.xib in Resources */ = {isa = PBXBuildFile; fileRef = 844E432E29121297006B713B /* CartViewController.xib */; };
		844E4332291212AC006B713B /* CartViewModel.swift in Sources */ = {isa = PBXBuildFile; fileRef = 844E4331291212AC006B713B /* CartViewModel.swift */; };
		844E4336291212DF006B713B /* CartTableViewCell.swift in Sources */ = {isa = PBXBuildFile; fileRef = 844E4334291212DF006B713B /* CartTableViewCell.swift */; };
		844E4337291212DF006B713B /* CartTableViewCell.xib in Resources */ = {isa = PBXBuildFile; fileRef = 844E4335291212DF006B713B /* CartTableViewCell.xib */; };
		844E433929121306006B713B /* CartCellViewModel.swift in Sources */ = {isa = PBXBuildFile; fileRef = 844E433829121306006B713B /* CartCellViewModel.swift */; };
		844E433B29121CB5006B713B /* Product.swift in Sources */ = {isa = PBXBuildFile; fileRef = 844E433A29121CB5006B713B /* Product.swift */; };
		844E433F29124708006B713B /* SliderCell.swift in Sources */ = {isa = PBXBuildFile; fileRef = 844E433D29124708006B713B /* SliderCell.swift */; };
		844E434029124708006B713B /* SliderCell.xib in Resources */ = {isa = PBXBuildFile; fileRef = 844E433E29124708006B713B /* SliderCell.xib */; };
		844E43452912474F006B713B /* RecommendCell.swift in Sources */ = {isa = PBXBuildFile; fileRef = 844E43432912474F006B713B /* RecommendCell.swift */; };
		844E43462912474F006B713B /* RecommendCell.xib in Resources */ = {isa = PBXBuildFile; fileRef = 844E43442912474F006B713B /* RecommendCell.xib */; };
		844E434A29124772006B713B /* PopularCell.swift in Sources */ = {isa = PBXBuildFile; fileRef = 844E434829124772006B713B /* PopularCell.swift */; };
		844E434B29124772006B713B /* PopularCell.xib in Resources */ = {isa = PBXBuildFile; fileRef = 844E434929124772006B713B /* PopularCell.xib */; };
		844E434D29124AFF006B713B /* PopularCellViewModel.swift in Sources */ = {isa = PBXBuildFile; fileRef = 844E434C29124AFF006B713B /* PopularCellViewModel.swift */; };
		8458F2B129110B230087D6FB /* ProfileViewModel.swift in Sources */ = {isa = PBXBuildFile; fileRef = 8458F2B029110B230087D6FB /* ProfileViewModel.swift */; };
		8458F2B529110C260087D6FB /* HistoryTableViewCell.swift in Sources */ = {isa = PBXBuildFile; fileRef = 8458F2B329110C260087D6FB /* HistoryTableViewCell.swift */; };
		8458F2B629110C260087D6FB /* HistoryTableViewCell.xib in Resources */ = {isa = PBXBuildFile; fileRef = 8458F2B429110C260087D6FB /* HistoryTableViewCell.xib */; };
		84B298362912538E00805DCC /* RecommendCellViewModel.swift in Sources */ = {isa = PBXBuildFile; fileRef = 84B298352912538E00805DCC /* RecommendCellViewModel.swift */; };
		84B298382912561F00805DCC /* SlideCellViewModel.swift in Sources */ = {isa = PBXBuildFile; fileRef = 84B298372912561F00805DCC /* SlideCellViewModel.swift */; };
		84B2983A2912B51300805DCC /* Cart.swift in Sources */ = {isa = PBXBuildFile; fileRef = 84B298392912B51300805DCC /* Cart.swift */; };
		84B2983C29134BBE00805DCC /* Order.swift in Sources */ = {isa = PBXBuildFile; fileRef = 84B2983B29134BBE00805DCC /* Order.swift */; };
		84B76C7F290A645E00AF2B3C /* HomeViewController.swift in Sources */ = {isa = PBXBuildFile; fileRef = 84B76C7D290A645E00AF2B3C /* HomeViewController.swift */; };
		84B76C80290A645E00AF2B3C /* HomeViewController.xib in Resources */ = {isa = PBXBuildFile; fileRef = 84B76C7E290A645E00AF2B3C /* HomeViewController.xib */; };
		84B76C83290A646B00AF2B3C /* SearchViewController.swift in Sources */ = {isa = PBXBuildFile; fileRef = 84B76C81290A646B00AF2B3C /* SearchViewController.swift */; };
		84B76C84290A646B00AF2B3C /* SearchViewController.xib in Resources */ = {isa = PBXBuildFile; fileRef = 84B76C82290A646B00AF2B3C /* SearchViewController.xib */; };
		84B76C87290A647B00AF2B3C /* FavoriteViewController.swift in Sources */ = {isa = PBXBuildFile; fileRef = 84B76C85290A647B00AF2B3C /* FavoriteViewController.swift */; };
		84B76C88290A647B00AF2B3C /* FavoriteViewController.xib in Resources */ = {isa = PBXBuildFile; fileRef = 84B76C86290A647B00AF2B3C /* FavoriteViewController.xib */; };
		84B76C8B290A648700AF2B3C /* ProfileViewController.swift in Sources */ = {isa = PBXBuildFile; fileRef = 84B76C89290A648700AF2B3C /* ProfileViewController.swift */; };
		84B76C8C290A648700AF2B3C /* ProfileViewController.xib in Resources */ = {isa = PBXBuildFile; fileRef = 84B76C8A290A648700AF2B3C /* ProfileViewController.xib */; };
		84B76C8E290A68F500AF2B3C /* BaseTabbarViewController.swift in Sources */ = {isa = PBXBuildFile; fileRef = 84B76C8D290A68F500AF2B3C /* BaseTabbarViewController.swift */; };
		84B76C93290CBF0200AF2B3C /* HomeViewModel.swift in Sources */ = {isa = PBXBuildFile; fileRef = 84B76C92290CBF0200AF2B3C /* HomeViewModel.swift */; };
		84B76C9D290CC4B800AF2B3C /* RecommendCollectionViewCell.swift in Sources */ = {isa = PBXBuildFile; fileRef = 84B76C9B290CC4B800AF2B3C /* RecommendCollectionViewCell.swift */; };
		84B76C9E290CC4B800AF2B3C /* RecommendCollectionViewCell.xib in Resources */ = {isa = PBXBuildFile; fileRef = 84B76C9C290CC4B800AF2B3C /* RecommendCollectionViewCell.xib */; };
		84B76CA1290CC4C800AF2B3C /* PopularCollectionViewCell.swift in Sources */ = {isa = PBXBuildFile; fileRef = 84B76C9F290CC4C800AF2B3C /* PopularCollectionViewCell.swift */; };
		84B76CA2290CC4C800AF2B3C /* PopularCollectionViewCell.xib in Resources */ = {isa = PBXBuildFile; fileRef = 84B76CA0290CC4C800AF2B3C /* PopularCollectionViewCell.xib */; };
		84B76CA4290CC50500AF2B3C /* PopularCollectionCellViewModel.swift in Sources */ = {isa = PBXBuildFile; fileRef = 84B76CA3290CC50500AF2B3C /* PopularCollectionCellViewModel.swift */; };
		84B76CA6290CC51E00AF2B3C /* RecommendCollectionCellViewModel.swift in Sources */ = {isa = PBXBuildFile; fileRef = 84B76CA5290CC51E00AF2B3C /* RecommendCollectionCellViewModel.swift */; };
		84B76CA8290CC52B00AF2B3C /* SlideCollectionCellViewModel.swift in Sources */ = {isa = PBXBuildFile; fileRef = 84B76CA7290CC52B00AF2B3C /* SlideCollectionCellViewModel.swift */; };
		84B76CAB290CC7EF00AF2B3C /* SlideCollectionViewCell.swift in Sources */ = {isa = PBXBuildFile; fileRef = 84B76CA9290CC7EF00AF2B3C /* SlideCollectionViewCell.swift */; };
		84B76CAC290CC7EF00AF2B3C /* SlideCollectionViewCell.xib in Resources */ = {isa = PBXBuildFile; fileRef = 84B76CAA290CC7EF00AF2B3C /* SlideCollectionViewCell.xib */; };
		84B76CAF2910B64500AF2B3C /* SearchViewModel.swift in Sources */ = {isa = PBXBuildFile; fileRef = 84B76CAE2910B64500AF2B3C /* SearchViewModel.swift */; };
		84B76CB42910B85800AF2B3C /* SearchCollectionViewCell.swift in Sources */ = {isa = PBXBuildFile; fileRef = 84B76CB22910B85800AF2B3C /* SearchCollectionViewCell.swift */; };
		84B76CB52910B85800AF2B3C /* SearchCollectionViewCell.xib in Resources */ = {isa = PBXBuildFile; fileRef = 84B76CB32910B85800AF2B3C /* SearchCollectionViewCell.xib */; };
		84B76CB72910B8A500AF2B3C /* SearchCollectionCellViewModel.swift in Sources */ = {isa = PBXBuildFile; fileRef = 84B76CB62910B8A500AF2B3C /* SearchCollectionCellViewModel.swift */; };
		84B76CBB2910CDBF00AF2B3C /* FavoriteTableViewCell.swift in Sources */ = {isa = PBXBuildFile; fileRef = 84B76CB92910CDBF00AF2B3C /* FavoriteTableViewCell.swift */; };
		84B76CBC2910CDBF00AF2B3C /* FavoriteTableViewCell.xib in Resources */ = {isa = PBXBuildFile; fileRef = 84B76CBA2910CDBF00AF2B3C /* FavoriteTableViewCell.xib */; };
		84B76CBE2910CDD400AF2B3C /* FavoriteTableCellViewModel.swift in Sources */ = {isa = PBXBuildFile; fileRef = 84B76CBD2910CDD400AF2B3C /* FavoriteTableCellViewModel.swift */; };
		84B76CC02910CDFC00AF2B3C /* FavoriteViewModel.swift in Sources */ = {isa = PBXBuildFile; fileRef = 84B76CBF2910CDFC00AF2B3C /* FavoriteViewModel.swift */; };
		C067F6D4814AB1C3AEEA9AAE /* Pods_FinalProject.framework in Frameworks */ = {isa = PBXBuildFile; fileRef = 0A22DB3123BD609AE6F9698A /* Pods_FinalProject.framework */; };
		D27553962907C1C400032E02 /* AppDelegate.swift in Sources */ = {isa = PBXBuildFile; fileRef = D27553952907C1C400032E02 /* AppDelegate.swift */; };
		D275539F2907C1C600032E02 /* Assets.xcassets in Resources */ = {isa = PBXBuildFile; fileRef = D275539E2907C1C600032E02 /* Assets.xcassets */; };
		D27553A22907C1C600032E02 /* LaunchScreen.storyboard in Resources */ = {isa = PBXBuildFile; fileRef = D27553A02907C1C600032E02 /* LaunchScreen.storyboard */; };
		D2ECE53F290853CD00041BF9 /* LoginViewController.swift in Sources */ = {isa = PBXBuildFile; fileRef = D2ECE53D290853CD00041BF9 /* LoginViewController.swift */; };
		D2ECE540290853CD00041BF9 /* LoginViewController.xib in Resources */ = {isa = PBXBuildFile; fileRef = D2ECE53E290853CD00041BF9 /* LoginViewController.xib */; };
		D2ECE5442908569600041BF9 /* APIManager.swift in Sources */ = {isa = PBXBuildFile; fileRef = D2ECE5432908569600041BF9 /* APIManager.swift */; };
		D2ECE5462908591C00041BF9 /* Reachability.swift in Sources */ = {isa = PBXBuildFile; fileRef = D2ECE5452908591C00041BF9 /* Reachability.swift */; };
		D2ECE54B2908632200041BF9 /* APIManager.Login.swift in Sources */ = {isa = PBXBuildFile; fileRef = D2ECE54A2908632200041BF9 /* APIManager.Login.swift */; };
		D2ECE54D2908DFBB00041BF9 /* LoginViewModel.swift in Sources */ = {isa = PBXBuildFile; fileRef = D2ECE54C2908DFBB00041BF9 /* LoginViewModel.swift */; };
		D2ECE5572908F1D800041BF9 /* Optional+Ext.swift in Sources */ = {isa = PBXBuildFile; fileRef = D2ECE5562908F1D800041BF9 /* Optional+Ext.swift */; };
		D2ECE5592908F38800041BF9 /* WeatherResponse.swift in Sources */ = {isa = PBXBuildFile; fileRef = D2ECE5582908F38800041BF9 /* WeatherResponse.swift */; };
		D2ECE55B29090E6B00041BF9 /* Network.swift in Sources */ = {isa = PBXBuildFile; fileRef = D2ECE55A29090E6B00041BF9 /* Network.swift */; };
		D2ECE55D29093BF300041BF9 /* Collection+Ext.swift in Sources */ = {isa = PBXBuildFile; fileRef = D2ECE55C29093BF300041BF9 /* Collection+Ext.swift */; };
/* End PBXBuildFile section */

/* Begin PBXFileReference section */
		0A22DB3123BD609AE6F9698A /* Pods_FinalProject.framework */ = {isa = PBXFileReference; explicitFileType = wrapper.framework; includeInIndex = 0; path = Pods_FinalProject.framework; sourceTree = BUILT_PRODUCTS_DIR; };
		844E431529110F1C006B713B /* HistoryTableCellViewModel.swift */ = {isa = PBXFileReference; lastKnownFileType = sourcecode.swift; path = HistoryTableCellViewModel.swift; sourceTree = "<group>"; };
		844E431829115F7C006B713B /* DetailViewController.swift */ = {isa = PBXFileReference; lastKnownFileType = sourcecode.swift; path = DetailViewController.swift; sourceTree = "<group>"; };
		844E431929115F7C006B713B /* DetailViewController.xib */ = {isa = PBXFileReference; lastKnownFileType = file.xib; path = DetailViewController.xib; sourceTree = "<group>"; };
		844E431C29115F99006B713B /* DetailViewModel.swift */ = {isa = PBXFileReference; lastKnownFileType = sourcecode.swift; path = DetailViewModel.swift; sourceTree = "<group>"; };
		844E43232911627B006B713B /* CarouselCollectionCellViewModel.swift */ = {isa = PBXFileReference; lastKnownFileType = sourcecode.swift; path = CarouselCollectionCellViewModel.swift; sourceTree = "<group>"; };
		844E4325291164EB006B713B /* CarouselCollectionViewCell.swift */ = {isa = PBXFileReference; lastKnownFileType = sourcecode.swift; path = CarouselCollectionViewCell.swift; sourceTree = "<group>"; };
		844E4326291164EB006B713B /* CarouselCollectionViewCell.xib */ = {isa = PBXFileReference; lastKnownFileType = file.xib; path = CarouselCollectionViewCell.xib; sourceTree = "<group>"; };
		844E432929120008006B713B /* ImageView+Ext.swift */ = {isa = PBXFileReference; lastKnownFileType = sourcecode.swift; path = "ImageView+Ext.swift"; sourceTree = "<group>"; };
		844E432D29121297006B713B /* CartViewController.swift */ = {isa = PBXFileReference; lastKnownFileType = sourcecode.swift; path = CartViewController.swift; sourceTree = "<group>"; };
		844E432E29121297006B713B /* CartViewController.xib */ = {isa = PBXFileReference; lastKnownFileType = file.xib; path = CartViewController.xib; sourceTree = "<group>"; };
		844E4331291212AC006B713B /* CartViewModel.swift */ = {isa = PBXFileReference; lastKnownFileType = sourcecode.swift; path = CartViewModel.swift; sourceTree = "<group>"; };
		844E4334291212DF006B713B /* CartTableViewCell.swift */ = {isa = PBXFileReference; lastKnownFileType = sourcecode.swift; path = CartTableViewCell.swift; sourceTree = "<group>"; };
		844E4335291212DF006B713B /* CartTableViewCell.xib */ = {isa = PBXFileReference; lastKnownFileType = file.xib; path = CartTableViewCell.xib; sourceTree = "<group>"; };
		844E433829121306006B713B /* CartCellViewModel.swift */ = {isa = PBXFileReference; lastKnownFileType = sourcecode.swift; path = CartCellViewModel.swift; sourceTree = "<group>"; };
		844E433A29121CB5006B713B /* Product.swift */ = {isa = PBXFileReference; lastKnownFileType = sourcecode.swift; path = Product.swift; sourceTree = "<group>"; };
		844E433D29124708006B713B /* SliderCell.swift */ = {isa = PBXFileReference; lastKnownFileType = sourcecode.swift; path = SliderCell.swift; sourceTree = "<group>"; };
		844E433E29124708006B713B /* SliderCell.xib */ = {isa = PBXFileReference; lastKnownFileType = file.xib; path = SliderCell.xib; sourceTree = "<group>"; };
		844E43432912474F006B713B /* RecommendCell.swift */ = {isa = PBXFileReference; lastKnownFileType = sourcecode.swift; path = RecommendCell.swift; sourceTree = "<group>"; };
		844E43442912474F006B713B /* RecommendCell.xib */ = {isa = PBXFileReference; lastKnownFileType = file.xib; path = RecommendCell.xib; sourceTree = "<group>"; };
		844E434829124772006B713B /* PopularCell.swift */ = {isa = PBXFileReference; lastKnownFileType = sourcecode.swift; path = PopularCell.swift; sourceTree = "<group>"; };
		844E434929124772006B713B /* PopularCell.xib */ = {isa = PBXFileReference; lastKnownFileType = file.xib; path = PopularCell.xib; sourceTree = "<group>"; };
		844E434C29124AFF006B713B /* PopularCellViewModel.swift */ = {isa = PBXFileReference; lastKnownFileType = sourcecode.swift; path = PopularCellViewModel.swift; sourceTree = "<group>"; };
		8458F2B029110B230087D6FB /* ProfileViewModel.swift */ = {isa = PBXFileReference; lastKnownFileType = sourcecode.swift; path = ProfileViewModel.swift; sourceTree = "<group>"; };
		8458F2B329110C260087D6FB /* HistoryTableViewCell.swift */ = {isa = PBXFileReference; lastKnownFileType = sourcecode.swift; path = HistoryTableViewCell.swift; sourceTree = "<group>"; };
		8458F2B429110C260087D6FB /* HistoryTableViewCell.xib */ = {isa = PBXFileReference; lastKnownFileType = file.xib; path = HistoryTableViewCell.xib; sourceTree = "<group>"; };
		84B298352912538E00805DCC /* RecommendCellViewModel.swift */ = {isa = PBXFileReference; lastKnownFileType = sourcecode.swift; path = RecommendCellViewModel.swift; sourceTree = "<group>"; };
		84B298372912561F00805DCC /* SlideCellViewModel.swift */ = {isa = PBXFileReference; lastKnownFileType = sourcecode.swift; path = SlideCellViewModel.swift; sourceTree = "<group>"; };
		84B298392912B51300805DCC /* Cart.swift */ = {isa = PBXFileReference; lastKnownFileType = sourcecode.swift; path = Cart.swift; sourceTree = "<group>"; };
		84B2983B29134BBE00805DCC /* Order.swift */ = {isa = PBXFileReference; lastKnownFileType = sourcecode.swift; path = Order.swift; sourceTree = "<group>"; };
		84B76C7D290A645E00AF2B3C /* HomeViewController.swift */ = {isa = PBXFileReference; lastKnownFileType = sourcecode.swift; path = HomeViewController.swift; sourceTree = "<group>"; };
		84B76C7E290A645E00AF2B3C /* HomeViewController.xib */ = {isa = PBXFileReference; lastKnownFileType = file.xib; path = HomeViewController.xib; sourceTree = "<group>"; };
		84B76C81290A646B00AF2B3C /* SearchViewController.swift */ = {isa = PBXFileReference; lastKnownFileType = sourcecode.swift; path = SearchViewController.swift; sourceTree = "<group>"; };
		84B76C82290A646B00AF2B3C /* SearchViewController.xib */ = {isa = PBXFileReference; lastKnownFileType = file.xib; path = SearchViewController.xib; sourceTree = "<group>"; };
		84B76C85290A647B00AF2B3C /* FavoriteViewController.swift */ = {isa = PBXFileReference; lastKnownFileType = sourcecode.swift; path = FavoriteViewController.swift; sourceTree = "<group>"; };
		84B76C86290A647B00AF2B3C /* FavoriteViewController.xib */ = {isa = PBXFileReference; lastKnownFileType = file.xib; path = FavoriteViewController.xib; sourceTree = "<group>"; };
		84B76C89290A648700AF2B3C /* ProfileViewController.swift */ = {isa = PBXFileReference; lastKnownFileType = sourcecode.swift; path = ProfileViewController.swift; sourceTree = "<group>"; };
		84B76C8A290A648700AF2B3C /* ProfileViewController.xib */ = {isa = PBXFileReference; lastKnownFileType = file.xib; path = ProfileViewController.xib; sourceTree = "<group>"; };
		84B76C8D290A68F500AF2B3C /* BaseTabbarViewController.swift */ = {isa = PBXFileReference; lastKnownFileType = sourcecode.swift; path = BaseTabbarViewController.swift; sourceTree = "<group>"; };
		84B76C92290CBF0200AF2B3C /* HomeViewModel.swift */ = {isa = PBXFileReference; lastKnownFileType = sourcecode.swift; path = HomeViewModel.swift; sourceTree = "<group>"; };
		84B76C9B290CC4B800AF2B3C /* RecommendCollectionViewCell.swift */ = {isa = PBXFileReference; lastKnownFileType = sourcecode.swift; path = RecommendCollectionViewCell.swift; sourceTree = "<group>"; };
		84B76C9C290CC4B800AF2B3C /* RecommendCollectionViewCell.xib */ = {isa = PBXFileReference; lastKnownFileType = file.xib; path = RecommendCollectionViewCell.xib; sourceTree = "<group>"; };
		84B76C9F290CC4C800AF2B3C /* PopularCollectionViewCell.swift */ = {isa = PBXFileReference; lastKnownFileType = sourcecode.swift; path = PopularCollectionViewCell.swift; sourceTree = "<group>"; };
		84B76CA0290CC4C800AF2B3C /* PopularCollectionViewCell.xib */ = {isa = PBXFileReference; lastKnownFileType = file.xib; path = PopularCollectionViewCell.xib; sourceTree = "<group>"; };
		84B76CA3290CC50500AF2B3C /* PopularCollectionCellViewModel.swift */ = {isa = PBXFileReference; lastKnownFileType = sourcecode.swift; path = PopularCollectionCellViewModel.swift; sourceTree = "<group>"; };
		84B76CA5290CC51E00AF2B3C /* RecommendCollectionCellViewModel.swift */ = {isa = PBXFileReference; lastKnownFileType = sourcecode.swift; path = RecommendCollectionCellViewModel.swift; sourceTree = "<group>"; };
		84B76CA7290CC52B00AF2B3C /* SlideCollectionCellViewModel.swift */ = {isa = PBXFileReference; lastKnownFileType = sourcecode.swift; path = SlideCollectionCellViewModel.swift; sourceTree = "<group>"; };
		84B76CA9290CC7EF00AF2B3C /* SlideCollectionViewCell.swift */ = {isa = PBXFileReference; lastKnownFileType = sourcecode.swift; path = SlideCollectionViewCell.swift; sourceTree = "<group>"; };
		84B76CAA290CC7EF00AF2B3C /* SlideCollectionViewCell.xib */ = {isa = PBXFileReference; lastKnownFileType = file.xib; path = SlideCollectionViewCell.xib; sourceTree = "<group>"; };
		84B76CAE2910B64500AF2B3C /* SearchViewModel.swift */ = {isa = PBXFileReference; lastKnownFileType = sourcecode.swift; path = SearchViewModel.swift; sourceTree = "<group>"; };
		84B76CB22910B85800AF2B3C /* SearchCollectionViewCell.swift */ = {isa = PBXFileReference; lastKnownFileType = sourcecode.swift; path = SearchCollectionViewCell.swift; sourceTree = "<group>"; };
		84B76CB32910B85800AF2B3C /* SearchCollectionViewCell.xib */ = {isa = PBXFileReference; lastKnownFileType = file.xib; path = SearchCollectionViewCell.xib; sourceTree = "<group>"; };
		84B76CB62910B8A500AF2B3C /* SearchCollectionCellViewModel.swift */ = {isa = PBXFileReference; lastKnownFileType = sourcecode.swift; path = SearchCollectionCellViewModel.swift; sourceTree = "<group>"; };
		84B76CB92910CDBF00AF2B3C /* FavoriteTableViewCell.swift */ = {isa = PBXFileReference; lastKnownFileType = sourcecode.swift; path = FavoriteTableViewCell.swift; sourceTree = "<group>"; };
		84B76CBA2910CDBF00AF2B3C /* FavoriteTableViewCell.xib */ = {isa = PBXFileReference; lastKnownFileType = file.xib; path = FavoriteTableViewCell.xib; sourceTree = "<group>"; };
		84B76CBD2910CDD400AF2B3C /* FavoriteTableCellViewModel.swift */ = {isa = PBXFileReference; lastKnownFileType = sourcecode.swift; path = FavoriteTableCellViewModel.swift; sourceTree = "<group>"; };
		84B76CBF2910CDFC00AF2B3C /* FavoriteViewModel.swift */ = {isa = PBXFileReference; lastKnownFileType = sourcecode.swift; path = FavoriteViewModel.swift; sourceTree = "<group>"; };
		893897C552A43E05BA857672 /* Pods-FinalProject.release.xcconfig */ = {isa = PBXFileReference; includeInIndex = 1; lastKnownFileType = text.xcconfig; name = "Pods-FinalProject.release.xcconfig"; path = "Target Support Files/Pods-FinalProject/Pods-FinalProject.release.xcconfig"; sourceTree = "<group>"; };
		8E5899E7E223907F44FD0064 /* Pods-FinalProject.debug.xcconfig */ = {isa = PBXFileReference; includeInIndex = 1; lastKnownFileType = text.xcconfig; name = "Pods-FinalProject.debug.xcconfig"; path = "Target Support Files/Pods-FinalProject/Pods-FinalProject.debug.xcconfig"; sourceTree = "<group>"; };
		D27553922907C1C400032E02 /* FinalProject.app */ = {isa = PBXFileReference; explicitFileType = wrapper.application; includeInIndex = 0; path = FinalProject.app; sourceTree = BUILT_PRODUCTS_DIR; };
		D27553952907C1C400032E02 /* AppDelegate.swift */ = {isa = PBXFileReference; lastKnownFileType = sourcecode.swift; path = AppDelegate.swift; sourceTree = "<group>"; };
		D275539E2907C1C600032E02 /* Assets.xcassets */ = {isa = PBXFileReference; lastKnownFileType = folder.assetcatalog; path = Assets.xcassets; sourceTree = "<group>"; };
		D27553A12907C1C600032E02 /* Base */ = {isa = PBXFileReference; lastKnownFileType = file.storyboard; name = Base; path = Base.lproj/LaunchScreen.storyboard; sourceTree = "<group>"; };
		D27553A32907C1C600032E02 /* Info.plist */ = {isa = PBXFileReference; lastKnownFileType = text.plist.xml; path = Info.plist; sourceTree = "<group>"; };
		D2ECE53D290853CD00041BF9 /* LoginViewController.swift */ = {isa = PBXFileReference; lastKnownFileType = sourcecode.swift; path = LoginViewController.swift; sourceTree = "<group>"; };
		D2ECE53E290853CD00041BF9 /* LoginViewController.xib */ = {isa = PBXFileReference; lastKnownFileType = file.xib; path = LoginViewController.xib; sourceTree = "<group>"; };
		D2ECE5432908569600041BF9 /* APIManager.swift */ = {isa = PBXFileReference; lastKnownFileType = sourcecode.swift; path = APIManager.swift; sourceTree = "<group>"; };
		D2ECE5452908591C00041BF9 /* Reachability.swift */ = {isa = PBXFileReference; lastKnownFileType = sourcecode.swift; path = Reachability.swift; sourceTree = "<group>"; };
		D2ECE54A2908632200041BF9 /* APIManager.Login.swift */ = {isa = PBXFileReference; lastKnownFileType = sourcecode.swift; path = APIManager.Login.swift; sourceTree = "<group>"; };
		D2ECE54C2908DFBB00041BF9 /* LoginViewModel.swift */ = {isa = PBXFileReference; lastKnownFileType = sourcecode.swift; path = LoginViewModel.swift; sourceTree = "<group>"; };
		D2ECE5562908F1D800041BF9 /* Optional+Ext.swift */ = {isa = PBXFileReference; lastKnownFileType = sourcecode.swift; path = "Optional+Ext.swift"; sourceTree = "<group>"; };
		D2ECE5582908F38800041BF9 /* WeatherResponse.swift */ = {isa = PBXFileReference; lastKnownFileType = sourcecode.swift; path = WeatherResponse.swift; sourceTree = "<group>"; };
		D2ECE55A29090E6B00041BF9 /* Network.swift */ = {isa = PBXFileReference; lastKnownFileType = sourcecode.swift; path = Network.swift; sourceTree = "<group>"; };
		D2ECE55C29093BF300041BF9 /* Collection+Ext.swift */ = {isa = PBXFileReference; lastKnownFileType = sourcecode.swift; path = "Collection+Ext.swift"; sourceTree = "<group>"; };
/* End PBXFileReference section */

/* Begin PBXFrameworksBuildPhase section */
		D275538F2907C1C400032E02 /* Frameworks */ = {
			isa = PBXFrameworksBuildPhase;
			buildActionMask = 2147483647;
			files = (
				C067F6D4814AB1C3AEEA9AAE /* Pods_FinalProject.framework in Frameworks */,
			);
			runOnlyForDeploymentPostprocessing = 0;
		};
/* End PBXFrameworksBuildPhase section */

/* Begin PBXGroup section */
		1DC910F29C596EA65CADE3D5 /* Frameworks */ = {
			isa = PBXGroup;
			children = (
				0A22DB3123BD609AE6F9698A /* Pods_FinalProject.framework */,
			);
			name = Frameworks;
			sourceTree = "<group>";
		};
		517B8D11980D47E161411AD4 /* Pods */ = {
			isa = PBXGroup;
			children = (
				8E5899E7E223907F44FD0064 /* Pods-FinalProject.debug.xcconfig */,
				893897C552A43E05BA857672 /* Pods-FinalProject.release.xcconfig */,
			);
			path = Pods;
			sourceTree = "<group>";
		};
		844E431729115F4B006B713B /* Detail */ = {
			isa = PBXGroup;
			children = (
				844E431E291161C0006B713B /* Carousel */,
				844E431829115F7C006B713B /* DetailViewController.swift */,
				844E431929115F7C006B713B /* DetailViewController.xib */,
				844E431C29115F99006B713B /* DetailViewModel.swift */,
			);
			path = Detail;
			sourceTree = "<group>";
		};
		844E431E291161C0006B713B /* Carousel */ = {
			isa = PBXGroup;
			children = (
				844E4325291164EB006B713B /* CarouselCollectionViewCell.swift */,
				844E4326291164EB006B713B /* CarouselCollectionViewCell.xib */,
				844E43232911627B006B713B /* CarouselCollectionCellViewModel.swift */,
			);
			path = Carousel;
			sourceTree = "<group>";
		};
		844E432C29121261006B713B /* Cart */ = {
			isa = PBXGroup;
			children = (
				844E4333291212B0006B713B /* CartCell */,
				844E432D29121297006B713B /* CartViewController.swift */,
				844E432E29121297006B713B /* CartViewController.xib */,
				844E4331291212AC006B713B /* CartViewModel.swift */,
			);
			path = Cart;
			sourceTree = "<group>";
		};
		844E4333291212B0006B713B /* CartCell */ = {
			isa = PBXGroup;
			children = (
				844E4334291212DF006B713B /* CartTableViewCell.swift */,
				844E4335291212DF006B713B /* CartTableViewCell.xib */,
				844E433829121306006B713B /* CartCellViewModel.swift */,
			);
			path = CartCell;
			sourceTree = "<group>";
		};
		844E433C291246C3006B713B /* Cell */ = {
			isa = PBXGroup;
			children = (
				84B76C94290CC13300AF2B3C /* Slider */,
				84B76C95290CC38E00AF2B3C /* Recommend */,
				84B76C96290CC39700AF2B3C /* Popular */,
			);
			path = Cell;
			sourceTree = "<group>";
		};
		844E434129124711006B713B /* SliderCollection */ = {
			isa = PBXGroup;
			children = (
				84B76CA9290CC7EF00AF2B3C /* SlideCollectionViewCell.swift */,
				84B76CAA290CC7EF00AF2B3C /* SlideCollectionViewCell.xib */,
				84B76CA7290CC52B00AF2B3C /* SlideCollectionCellViewModel.swift */,
			);
			path = SliderCollection;
			sourceTree = "<group>";
		};
		844E43422912473E006B713B /* RecommendCollection */ = {
			isa = PBXGroup;
			children = (
				84B76C9B290CC4B800AF2B3C /* RecommendCollectionViewCell.swift */,
				84B76C9C290CC4B800AF2B3C /* RecommendCollectionViewCell.xib */,
				84B76CA5290CC51E00AF2B3C /* RecommendCollectionCellViewModel.swift */,
			);
			path = RecommendCollection;
			sourceTree = "<group>";
		};
		844E43472912475D006B713B /* PopularCollection */ = {
			isa = PBXGroup;
			children = (
				84B76C9F290CC4C800AF2B3C /* PopularCollectionViewCell.swift */,
				84B76CA0290CC4C800AF2B3C /* PopularCollectionViewCell.xib */,
				84B76CA3290CC50500AF2B3C /* PopularCollectionCellViewModel.swift */,
			);
			path = PopularCollection;
			sourceTree = "<group>";
		};
		8458F2B229110C070087D6FB /* HistoryCell */ = {
			isa = PBXGroup;
			children = (
				8458F2B329110C260087D6FB /* HistoryTableViewCell.swift */,
				8458F2B429110C260087D6FB /* HistoryTableViewCell.xib */,
				844E431529110F1C006B713B /* HistoryTableCellViewModel.swift */,
			);
			path = HistoryCell;
			sourceTree = "<group>";
		};
		84B76C78290A637D00AF2B3C /* BaseTabbar */ = {
			isa = PBXGroup;
			children = (
				84B76C8D290A68F500AF2B3C /* BaseTabbarViewController.swift */,
			);
			path = BaseTabbar;
			sourceTree = "<group>";
		};
		84B76C79290A63B700AF2B3C /* Home */ = {
			isa = PBXGroup;
			children = (
				844E433C291246C3006B713B /* Cell */,
				84B76C7D290A645E00AF2B3C /* HomeViewController.swift */,
				84B76C7E290A645E00AF2B3C /* HomeViewController.xib */,
				84B76C92290CBF0200AF2B3C /* HomeViewModel.swift */,
			);
			path = Home;
			sourceTree = "<group>";
		};
		84B76C7A290A63BC00AF2B3C /* Search */ = {
			isa = PBXGroup;
			children = (
				84B76CB12910B84100AF2B3C /* SearchCell */,
				84B76C81290A646B00AF2B3C /* SearchViewController.swift */,
				84B76C82290A646B00AF2B3C /* SearchViewController.xib */,
				84B76CAE2910B64500AF2B3C /* SearchViewModel.swift */,
			);
			path = Search;
			sourceTree = "<group>";
		};
		84B76C7B290A63C400AF2B3C /* Favorite */ = {
			isa = PBXGroup;
			children = (
				84B76CB82910CD9F00AF2B3C /* FavoriteCell */,
				84B76C85290A647B00AF2B3C /* FavoriteViewController.swift */,
				84B76C86290A647B00AF2B3C /* FavoriteViewController.xib */,
				84B76CBF2910CDFC00AF2B3C /* FavoriteViewModel.swift */,
			);
			path = Favorite;
			sourceTree = "<group>";
		};
		84B76C7C290A63CF00AF2B3C /* Profile */ = {
			isa = PBXGroup;
			children = (
				8458F2B229110C070087D6FB /* HistoryCell */,
				84B76C89290A648700AF2B3C /* ProfileViewController.swift */,
				84B76C8A290A648700AF2B3C /* ProfileViewController.xib */,
				8458F2B029110B230087D6FB /* ProfileViewModel.swift */,
			);
			path = Profile;
			sourceTree = "<group>";
		};
		84B76C94290CC13300AF2B3C /* Slider */ = {
			isa = PBXGroup;
			children = (
				844E434129124711006B713B /* SliderCollection */,
				844E433D29124708006B713B /* SliderCell.swift */,
				844E433E29124708006B713B /* SliderCell.xib */,
				84B298372912561F00805DCC /* SlideCellViewModel.swift */,
			);
			path = Slider;
			sourceTree = "<group>";
		};
		84B76C95290CC38E00AF2B3C /* Recommend */ = {
			isa = PBXGroup;
			children = (
				844E43422912473E006B713B /* RecommendCollection */,
				844E43432912474F006B713B /* RecommendCell.swift */,
				844E43442912474F006B713B /* RecommendCell.xib */,
				84B298352912538E00805DCC /* RecommendCellViewModel.swift */,
			);
			path = Recommend;
			sourceTree = "<group>";
		};
		84B76C96290CC39700AF2B3C /* Popular */ = {
			isa = PBXGroup;
			children = (
				844E43472912475D006B713B /* PopularCollection */,
				844E434829124772006B713B /* PopularCell.swift */,
				844E434929124772006B713B /* PopularCell.xib */,
				844E434C29124AFF006B713B /* PopularCellViewModel.swift */,
			);
			path = Popular;
			sourceTree = "<group>";
		};
		84B76CB12910B84100AF2B3C /* SearchCell */ = {
			isa = PBXGroup;
			children = (
				84B76CB22910B85800AF2B3C /* SearchCollectionViewCell.swift */,
				84B76CB32910B85800AF2B3C /* SearchCollectionViewCell.xib */,
				84B76CB62910B8A500AF2B3C /* SearchCollectionCellViewModel.swift */,
			);
			path = SearchCell;
			sourceTree = "<group>";
		};
		84B76CB82910CD9F00AF2B3C /* FavoriteCell */ = {
			isa = PBXGroup;
			children = (
				84B76CB92910CDBF00AF2B3C /* FavoriteTableViewCell.swift */,
				84B76CBA2910CDBF00AF2B3C /* FavoriteTableViewCell.xib */,
				84B76CBD2910CDD400AF2B3C /* FavoriteTableCellViewModel.swift */,
			);
			path = FavoriteCell;
			sourceTree = "<group>";
		};
		D27553892907C1C400032E02 = {
			isa = PBXGroup;
			children = (
				D27553942907C1C400032E02 /* FinalProject */,
				D27553932907C1C400032E02 /* Products */,
				517B8D11980D47E161411AD4 /* Pods */,
				1DC910F29C596EA65CADE3D5 /* Frameworks */,
			);
			sourceTree = "<group>";
		};
		D27553932907C1C400032E02 /* Products */ = {
			isa = PBXGroup;
			children = (
				D27553922907C1C400032E02 /* FinalProject.app */,
			);
			name = Products;
			sourceTree = "<group>";
		};
		D27553942907C1C400032E02 /* FinalProject */ = {
			isa = PBXGroup;
			children = (
				D27553952907C1C400032E02 /* AppDelegate.swift */,
				D2ECE535290852EC00041BF9 /* Extensions */,
				D2ECE534290852E300041BF9 /* Library */,
				D2ECE533290852DD00041BF9 /* Model */,
				D2ECE537290852FB00041BF9 /* Resources */,
				D2ECE5382908530200041BF9 /* SupportingFiles */,
				D2ECE536290852F600041BF9 /* Views */,
			);
			path = FinalProject;
			sourceTree = "<group>";
		};
		D2ECE533290852DD00041BF9 /* Model */ = {
			isa = PBXGroup;
			children = (
				D2ECE549290862C100041BF9 /* APIRequest */,
				D2ECE5422908568500041BF9 /* Core */,
				D2ECE5412908567A00041BF9 /* Scheme */,
			);
			path = Model;
			sourceTree = "<group>";
		};
		D2ECE534290852E300041BF9 /* Library */ = {
			isa = PBXGroup;
			children = (
				D2ECE5452908591C00041BF9 /* Reachability.swift */,
			);
			path = Library;
			sourceTree = "<group>";
		};
		D2ECE535290852EC00041BF9 /* Extensions */ = {
			isa = PBXGroup;
			children = (
				D2ECE5562908F1D800041BF9 /* Optional+Ext.swift */,
				D2ECE55C29093BF300041BF9 /* Collection+Ext.swift */,
				844E432929120008006B713B /* ImageView+Ext.swift */,
			);
			path = Extensions;
			sourceTree = "<group>";
		};
		D2ECE536290852F600041BF9 /* Views */ = {
			isa = PBXGroup;
			children = (
				D2ECE5392908537400041BF9 /* Controllers */,
			);
			path = Views;
			sourceTree = "<group>";
		};
		D2ECE537290852FB00041BF9 /* Resources */ = {
			isa = PBXGroup;
			children = (
				D275539E2907C1C600032E02 /* Assets.xcassets */,
				D27553A02907C1C600032E02 /* LaunchScreen.storyboard */,
			);
			path = Resources;
			sourceTree = "<group>";
		};
		D2ECE5382908530200041BF9 /* SupportingFiles */ = {
			isa = PBXGroup;
			children = (
				D27553A32907C1C600032E02 /* Info.plist */,
			);
			path = SupportingFiles;
			sourceTree = "<group>";
		};
		D2ECE5392908537400041BF9 /* Controllers */ = {
			isa = PBXGroup;
			children = (
				844E432C29121261006B713B /* Cart */,
				844E431729115F4B006B713B /* Detail */,
				84B76C78290A637D00AF2B3C /* BaseTabbar */,
				84B76C7C290A63CF00AF2B3C /* Profile */,
				84B76C7B290A63C400AF2B3C /* Favorite */,
				84B76C7A290A63BC00AF2B3C /* Search */,
				84B76C79290A63B700AF2B3C /* Home */,
				D2ECE53C290853BE00041BF9 /* Login */,
			);
			path = Controllers;
			sourceTree = "<group>";
		};
		D2ECE53C290853BE00041BF9 /* Login */ = {
			isa = PBXGroup;
			children = (
				D2ECE53D290853CD00041BF9 /* LoginViewController.swift */,
				D2ECE53E290853CD00041BF9 /* LoginViewController.xib */,
				D2ECE54C2908DFBB00041BF9 /* LoginViewModel.swift */,
			);
			path = Login;
			sourceTree = "<group>";
		};
		D2ECE5412908567A00041BF9 /* Scheme */ = {
			isa = PBXGroup;
			children = (
				D2ECE5582908F38800041BF9 /* WeatherResponse.swift */,
				844E433A29121CB5006B713B /* Product.swift */,
				84B298392912B51300805DCC /* Cart.swift */,
				84B2983B29134BBE00805DCC /* Order.swift */,
			);
			path = Scheme;
			sourceTree = "<group>";
		};
		D2ECE5422908568500041BF9 /* Core */ = {
			isa = PBXGroup;
			children = (
				D2ECE5432908569600041BF9 /* APIManager.swift */,
				D2ECE55A29090E6B00041BF9 /* Network.swift */,
			);
			path = Core;
			sourceTree = "<group>";
		};
		D2ECE549290862C100041BF9 /* APIRequest */ = {
			isa = PBXGroup;
			children = (
				D2ECE54A2908632200041BF9 /* APIManager.Login.swift */,
			);
			path = APIRequest;
			sourceTree = "<group>";
		};
/* End PBXGroup section */

/* Begin PBXNativeTarget section */
		D27553912907C1C400032E02 /* FinalProject */ = {
			isa = PBXNativeTarget;
			buildConfigurationList = D27553A62907C1C600032E02 /* Build configuration list for PBXNativeTarget "FinalProject" */;
			buildPhases = (
				BB8DBE0E14F72785653054D0 /* [CP] Check Pods Manifest.lock */,
				D275538E2907C1C400032E02 /* Sources */,
				D275538F2907C1C400032E02 /* Frameworks */,
				D27553902907C1C400032E02 /* Resources */,
				795CBFEC58CCADEDAE55A009 /* [CP] Embed Pods Frameworks */,
				D27553A92907C4EA00032E02 /* SwiftLint */,
			);
			buildRules = (
			);
			dependencies = (
			);
			name = FinalProject;
			productName = FinalProject;
			productReference = D27553922907C1C400032E02 /* FinalProject.app */;
			productType = "com.apple.product-type.application";
		};
/* End PBXNativeTarget section */

/* Begin PBXProject section */
		D275538A2907C1C400032E02 /* Project object */ = {
			isa = PBXProject;
			attributes = {
				BuildIndependentTargetsInParallel = 1;
				LastSwiftUpdateCheck = 1400;
				LastUpgradeCheck = 1400;
				TargetAttributes = {
					D27553912907C1C400032E02 = {
						CreatedOnToolsVersion = 14.0;
					};
				};
			};
			buildConfigurationList = D275538D2907C1C400032E02 /* Build configuration list for PBXProject "FinalProject" */;
			compatibilityVersion = "Xcode 14.0";
			developmentRegion = en;
			hasScannedForEncodings = 0;
			knownRegions = (
				en,
				Base,
			);
			mainGroup = D27553892907C1C400032E02;
			productRefGroup = D27553932907C1C400032E02 /* Products */;
			projectDirPath = "";
			projectRoot = "";
			targets = (
				D27553912907C1C400032E02 /* FinalProject */,
			);
		};
/* End PBXProject section */

/* Begin PBXResourcesBuildPhase section */
		D27553902907C1C400032E02 /* Resources */ = {
			isa = PBXResourcesBuildPhase;
			buildActionMask = 2147483647;
			files = (
				844E434029124708006B713B /* SliderCell.xib in Resources */,
				844E433029121297006B713B /* CartViewController.xib in Resources */,
				84B76C8C290A648700AF2B3C /* ProfileViewController.xib in Resources */,
				844E431B29115F7C006B713B /* DetailViewController.xib in Resources */,
				D27553A22907C1C600032E02 /* LaunchScreen.storyboard in Resources */,
				8458F2B629110C260087D6FB /* HistoryTableViewCell.xib in Resources */,
				84B76CB52910B85800AF2B3C /* SearchCollectionViewCell.xib in Resources */,
				844E434B29124772006B713B /* PopularCell.xib in Resources */,
				D275539F2907C1C600032E02 /* Assets.xcassets in Resources */,
				844E4337291212DF006B713B /* CartTableViewCell.xib in Resources */,
				84B76C88290A647B00AF2B3C /* FavoriteViewController.xib in Resources */,
				84B76CA2290CC4C800AF2B3C /* PopularCollectionViewCell.xib in Resources */,
				84B76C9E290CC4B800AF2B3C /* RecommendCollectionViewCell.xib in Resources */,
				84B76CAC290CC7EF00AF2B3C /* SlideCollectionViewCell.xib in Resources */,
				D2ECE540290853CD00041BF9 /* LoginViewController.xib in Resources */,
				84B76CBC2910CDBF00AF2B3C /* FavoriteTableViewCell.xib in Resources */,
				84B76C84290A646B00AF2B3C /* SearchViewController.xib in Resources */,
				844E4328291164EB006B713B /* CarouselCollectionViewCell.xib in Resources */,
				844E43462912474F006B713B /* RecommendCell.xib in Resources */,
				84B76C80290A645E00AF2B3C /* HomeViewController.xib in Resources */,
			);
			runOnlyForDeploymentPostprocessing = 0;
		};
/* End PBXResourcesBuildPhase section */

/* Begin PBXShellScriptBuildPhase section */
		795CBFEC58CCADEDAE55A009 /* [CP] Embed Pods Frameworks */ = {
			isa = PBXShellScriptBuildPhase;
			buildActionMask = 2147483647;
			files = (
			);
			inputFileListPaths = (
				"${PODS_ROOT}/Target Support Files/Pods-FinalProject/Pods-FinalProject-frameworks-${CONFIGURATION}-input-files.xcfilelist",
			);
			name = "[CP] Embed Pods Frameworks";
			outputFileListPaths = (
				"${PODS_ROOT}/Target Support Files/Pods-FinalProject/Pods-FinalProject-frameworks-${CONFIGURATION}-output-files.xcfilelist",
			);
			runOnlyForDeploymentPostprocessing = 0;
			shellPath = /bin/sh;
			shellScript = "\"${PODS_ROOT}/Target Support Files/Pods-FinalProject/Pods-FinalProject-frameworks.sh\"\n";
			showEnvVarsInLog = 0;
		};
		BB8DBE0E14F72785653054D0 /* [CP] Check Pods Manifest.lock */ = {
			isa = PBXShellScriptBuildPhase;
			buildActionMask = 2147483647;
			files = (
			);
			inputFileListPaths = (
			);
			inputPaths = (
				"${PODS_PODFILE_DIR_PATH}/Podfile.lock",
				"${PODS_ROOT}/Manifest.lock",
			);
			name = "[CP] Check Pods Manifest.lock";
			outputFileListPaths = (
			);
			outputPaths = (
				"$(DERIVED_FILE_DIR)/Pods-FinalProject-checkManifestLockResult.txt",
			);
			runOnlyForDeploymentPostprocessing = 0;
			shellPath = /bin/sh;
			shellScript = "diff \"${PODS_PODFILE_DIR_PATH}/Podfile.lock\" \"${PODS_ROOT}/Manifest.lock\" > /dev/null\nif [ $? != 0 ] ; then\n    # print error to STDERR\n    echo \"error: The sandbox is not in sync with the Podfile.lock. Run 'pod install' or update your CocoaPods installation.\" >&2\n    exit 1\nfi\n# This output is used by Xcode 'outputs' to avoid re-running this script phase.\necho \"SUCCESS\" > \"${SCRIPT_OUTPUT_FILE_0}\"\n";
			showEnvVarsInLog = 0;
		};
		D27553A92907C4EA00032E02 /* SwiftLint */ = {
			isa = PBXShellScriptBuildPhase;
			buildActionMask = 2147483647;
			files = (
			);
			inputFileListPaths = (
			);
			inputPaths = (
			);
			name = SwiftLint;
			outputFileListPaths = (
			);
			outputPaths = (
			);
			runOnlyForDeploymentPostprocessing = 0;
			shellPath = /bin/sh;
			shellScript = "\"${PODS_ROOT}/SwiftLint/swiftlint\"\n";
		};
/* End PBXShellScriptBuildPhase section */

/* Begin PBXSourcesBuildPhase section */
		D275538E2907C1C400032E02 /* Sources */ = {
			isa = PBXSourcesBuildPhase;
			buildActionMask = 2147483647;
			files = (
				844E4327291164EB006B713B /* CarouselCollectionViewCell.swift in Sources */,
				84B76CC02910CDFC00AF2B3C /* FavoriteViewModel.swift in Sources */,
				D2ECE55B29090E6B00041BF9 /* Network.swift in Sources */,
				844E434A29124772006B713B /* PopularCell.swift in Sources */,
				D2ECE5442908569600041BF9 /* APIManager.swift in Sources */,
				84B76CBE2910CDD400AF2B3C /* FavoriteTableCellViewModel.swift in Sources */,
				84B76CAF2910B64500AF2B3C /* SearchViewModel.swift in Sources */,
				844E432F29121297006B713B /* CartViewController.swift in Sources */,
				84B76CA6290CC51E00AF2B3C /* RecommendCollectionCellViewModel.swift in Sources */,
				D2ECE54B2908632200041BF9 /* APIManager.Login.swift in Sources */,
				844E4336291212DF006B713B /* CartTableViewCell.swift in Sources */,
				84B76C93290CBF0200AF2B3C /* HomeViewModel.swift in Sources */,
				84B76C8E290A68F500AF2B3C /* BaseTabbarViewController.swift in Sources */,
				844E431A29115F7C006B713B /* DetailViewController.swift in Sources */,
				84B76CA8290CC52B00AF2B3C /* SlideCollectionCellViewModel.swift in Sources */,
				D2ECE53F290853CD00041BF9 /* LoginViewController.swift in Sources */,
				84B76C8B290A648700AF2B3C /* ProfileViewController.swift in Sources */,
				844E431D29115F99006B713B /* DetailViewModel.swift in Sources */,
				D2ECE5462908591C00041BF9 /* Reachability.swift in Sources */,
				D2ECE55D29093BF300041BF9 /* Collection+Ext.swift in Sources */,
				84B76C83290A646B00AF2B3C /* SearchViewController.swift in Sources */,
				84B298362912538E00805DCC /* RecommendCellViewModel.swift in Sources */,
				844E433B29121CB5006B713B /* Product.swift in Sources */,
				84B76CBB2910CDBF00AF2B3C /* FavoriteTableViewCell.swift in Sources */,
				844E433F29124708006B713B /* SliderCell.swift in Sources */,
				84B76CB72910B8A500AF2B3C /* SearchCollectionCellViewModel.swift in Sources */,
				84B76CB42910B85800AF2B3C /* SearchCollectionViewCell.swift in Sources */,
				844E4332291212AC006B713B /* CartViewModel.swift in Sources */,
				844E433929121306006B713B /* CartCellViewModel.swift in Sources */,
				84B76CA1290CC4C800AF2B3C /* PopularCollectionViewCell.swift in Sources */,
				844E43242911627B006B713B /* CarouselCollectionCellViewModel.swift in Sources */,
				84B2983A2912B51300805DCC /* Cart.swift in Sources */,
				D2ECE5572908F1D800041BF9 /* Optional+Ext.swift in Sources */,
				84B76CAB290CC7EF00AF2B3C /* SlideCollectionViewCell.swift in Sources */,
				8458F2B129110B230087D6FB /* ProfileViewModel.swift in Sources */,
				844E432A29120008006B713B /* ImageView+Ext.swift in Sources */,
				844E434D29124AFF006B713B /* PopularCellViewModel.swift in Sources */,
				84B76C7F290A645E00AF2B3C /* HomeViewController.swift in Sources */,
				84B76C87290A647B00AF2B3C /* FavoriteViewController.swift in Sources */,
				8458F2B529110C260087D6FB /* HistoryTableViewCell.swift in Sources */,
				D27553962907C1C400032E02 /* AppDelegate.swift in Sources */,
				844E431629110F1C006B713B /* HistoryTableCellViewModel.swift in Sources */,
				D2ECE5592908F38800041BF9 /* WeatherResponse.swift in Sources */,
				D2ECE54D2908DFBB00041BF9 /* LoginViewModel.swift in Sources */,
				844E43452912474F006B713B /* RecommendCell.swift in Sources */,
				84B298382912561F00805DCC /* SlideCellViewModel.swift in Sources */,
				84B76CA4290CC50500AF2B3C /* PopularCollectionCellViewModel.swift in Sources */,
				84B76C9D290CC4B800AF2B3C /* RecommendCollectionViewCell.swift in Sources */,
				84B2983C29134BBE00805DCC /* Order.swift in Sources */,
			);
			runOnlyForDeploymentPostprocessing = 0;
		};
/* End PBXSourcesBuildPhase section */

/* Begin PBXVariantGroup section */
		D27553A02907C1C600032E02 /* LaunchScreen.storyboard */ = {
			isa = PBXVariantGroup;
			children = (
				D27553A12907C1C600032E02 /* Base */,
			);
			name = LaunchScreen.storyboard;
			sourceTree = "<group>";
		};
/* End PBXVariantGroup section */

/* Begin XCBuildConfiguration section */
		D27553A42907C1C600032E02 /* Debug */ = {
			isa = XCBuildConfiguration;
			buildSettings = {
				ALWAYS_SEARCH_USER_PATHS = NO;
				CLANG_ANALYZER_NONNULL = YES;
				CLANG_ANALYZER_NUMBER_OBJECT_CONVERSION = YES_AGGRESSIVE;
				CLANG_CXX_LANGUAGE_STANDARD = "gnu++20";
				CLANG_ENABLE_MODULES = YES;
				CLANG_ENABLE_OBJC_ARC = YES;
				CLANG_ENABLE_OBJC_WEAK = YES;
				CLANG_WARN_BLOCK_CAPTURE_AUTORELEASING = YES;
				CLANG_WARN_BOOL_CONVERSION = YES;
				CLANG_WARN_COMMA = YES;
				CLANG_WARN_CONSTANT_CONVERSION = YES;
				CLANG_WARN_DEPRECATED_OBJC_IMPLEMENTATIONS = YES;
				CLANG_WARN_DIRECT_OBJC_ISA_USAGE = YES_ERROR;
				CLANG_WARN_DOCUMENTATION_COMMENTS = YES;
				CLANG_WARN_EMPTY_BODY = YES;
				CLANG_WARN_ENUM_CONVERSION = YES;
				CLANG_WARN_INFINITE_RECURSION = YES;
				CLANG_WARN_INT_CONVERSION = YES;
				CLANG_WARN_NON_LITERAL_NULL_CONVERSION = YES;
				CLANG_WARN_OBJC_IMPLICIT_RETAIN_SELF = YES;
				CLANG_WARN_OBJC_LITERAL_CONVERSION = YES;
				CLANG_WARN_OBJC_ROOT_CLASS = YES_ERROR;
				CLANG_WARN_QUOTED_INCLUDE_IN_FRAMEWORK_HEADER = YES;
				CLANG_WARN_RANGE_LOOP_ANALYSIS = YES;
				CLANG_WARN_STRICT_PROTOTYPES = YES;
				CLANG_WARN_SUSPICIOUS_MOVE = YES;
				CLANG_WARN_UNGUARDED_AVAILABILITY = YES_AGGRESSIVE;
				CLANG_WARN_UNREACHABLE_CODE = YES;
				CLANG_WARN__DUPLICATE_METHOD_MATCH = YES;
				COPY_PHASE_STRIP = NO;
				DEBUG_INFORMATION_FORMAT = dwarf;
				ENABLE_STRICT_OBJC_MSGSEND = YES;
				ENABLE_TESTABILITY = YES;
				GCC_C_LANGUAGE_STANDARD = gnu11;
				GCC_DYNAMIC_NO_PIC = NO;
				GCC_NO_COMMON_BLOCKS = YES;
				GCC_OPTIMIZATION_LEVEL = 0;
				GCC_PREPROCESSOR_DEFINITIONS = (
					"DEBUG=1",
					"$(inherited)",
				);
				GCC_WARN_64_TO_32_BIT_CONVERSION = YES;
				GCC_WARN_ABOUT_RETURN_TYPE = YES_ERROR;
				GCC_WARN_UNDECLARED_SELECTOR = YES;
				GCC_WARN_UNINITIALIZED_AUTOS = YES_AGGRESSIVE;
				GCC_WARN_UNUSED_FUNCTION = YES;
				GCC_WARN_UNUSED_VARIABLE = YES;
				IPHONEOS_DEPLOYMENT_TARGET = 13.0;
				MTL_ENABLE_DEBUG_INFO = INCLUDE_SOURCE;
				MTL_FAST_MATH = YES;
				ONLY_ACTIVE_ARCH = YES;
				SDKROOT = iphoneos;
				SWIFT_ACTIVE_COMPILATION_CONDITIONS = DEBUG;
				SWIFT_OPTIMIZATION_LEVEL = "-Onone";
			};
			name = Debug;
		};
		D27553A52907C1C600032E02 /* Release */ = {
			isa = XCBuildConfiguration;
			buildSettings = {
				ALWAYS_SEARCH_USER_PATHS = NO;
				CLANG_ANALYZER_NONNULL = YES;
				CLANG_ANALYZER_NUMBER_OBJECT_CONVERSION = YES_AGGRESSIVE;
				CLANG_CXX_LANGUAGE_STANDARD = "gnu++20";
				CLANG_ENABLE_MODULES = YES;
				CLANG_ENABLE_OBJC_ARC = YES;
				CLANG_ENABLE_OBJC_WEAK = YES;
				CLANG_WARN_BLOCK_CAPTURE_AUTORELEASING = YES;
				CLANG_WARN_BOOL_CONVERSION = YES;
				CLANG_WARN_COMMA = YES;
				CLANG_WARN_CONSTANT_CONVERSION = YES;
				CLANG_WARN_DEPRECATED_OBJC_IMPLEMENTATIONS = YES;
				CLANG_WARN_DIRECT_OBJC_ISA_USAGE = YES_ERROR;
				CLANG_WARN_DOCUMENTATION_COMMENTS = YES;
				CLANG_WARN_EMPTY_BODY = YES;
				CLANG_WARN_ENUM_CONVERSION = YES;
				CLANG_WARN_INFINITE_RECURSION = YES;
				CLANG_WARN_INT_CONVERSION = YES;
				CLANG_WARN_NON_LITERAL_NULL_CONVERSION = YES;
				CLANG_WARN_OBJC_IMPLICIT_RETAIN_SELF = YES;
				CLANG_WARN_OBJC_LITERAL_CONVERSION = YES;
				CLANG_WARN_OBJC_ROOT_CLASS = YES_ERROR;
				CLANG_WARN_QUOTED_INCLUDE_IN_FRAMEWORK_HEADER = YES;
				CLANG_WARN_RANGE_LOOP_ANALYSIS = YES;
				CLANG_WARN_STRICT_PROTOTYPES = YES;
				CLANG_WARN_SUSPICIOUS_MOVE = YES;
				CLANG_WARN_UNGUARDED_AVAILABILITY = YES_AGGRESSIVE;
				CLANG_WARN_UNREACHABLE_CODE = YES;
				CLANG_WARN__DUPLICATE_METHOD_MATCH = YES;
				COPY_PHASE_STRIP = NO;
				DEBUG_INFORMATION_FORMAT = "dwarf-with-dsym";
				ENABLE_NS_ASSERTIONS = NO;
				ENABLE_STRICT_OBJC_MSGSEND = YES;
				GCC_C_LANGUAGE_STANDARD = gnu11;
				GCC_NO_COMMON_BLOCKS = YES;
				GCC_WARN_64_TO_32_BIT_CONVERSION = YES;
				GCC_WARN_ABOUT_RETURN_TYPE = YES_ERROR;
				GCC_WARN_UNDECLARED_SELECTOR = YES;
				GCC_WARN_UNINITIALIZED_AUTOS = YES_AGGRESSIVE;
				GCC_WARN_UNUSED_FUNCTION = YES;
				GCC_WARN_UNUSED_VARIABLE = YES;
				IPHONEOS_DEPLOYMENT_TARGET = 13.0;
				MTL_ENABLE_DEBUG_INFO = NO;
				MTL_FAST_MATH = YES;
				SDKROOT = iphoneos;
				SWIFT_COMPILATION_MODE = wholemodule;
				SWIFT_OPTIMIZATION_LEVEL = "-O";
				VALIDATE_PRODUCT = YES;
			};
			name = Release;
		};
		D27553A72907C1C600032E02 /* Debug */ = {
			isa = XCBuildConfiguration;
			baseConfigurationReference = 8E5899E7E223907F44FD0064 /* Pods-FinalProject.debug.xcconfig */;
			buildSettings = {
				ASSETCATALOG_COMPILER_APPICON_NAME = AppIcon;
				ASSETCATALOG_COMPILER_GLOBAL_ACCENT_COLOR_NAME = AccentColor;
				CODE_SIGN_STYLE = Manual;
				CURRENT_PROJECT_VERSION = 1;
				DEVELOPMENT_TEAM = "";
				GENERATE_INFOPLIST_FILE = YES;
				INFOPLIST_FILE = FinalProject/SupportingFiles/Info.plist;
				INFOPLIST_KEY_UIApplicationSupportsIndirectInputEvents = YES;
				INFOPLIST_KEY_UILaunchStoryboardName = LaunchScreen;
				INFOPLIST_KEY_UIMainStoryboardFile = "";
				INFOPLIST_KEY_UISupportedInterfaceOrientations_iPad = "UIInterfaceOrientationPortrait UIInterfaceOrientationPortraitUpsideDown UIInterfaceOrientationLandscapeLeft UIInterfaceOrientationLandscapeRight";
				INFOPLIST_KEY_UISupportedInterfaceOrientations_iPhone = "UIInterfaceOrientationPortrait UIInterfaceOrientationLandscapeLeft UIInterfaceOrientationLandscapeRight";
				LD_RUNPATH_SEARCH_PATHS = (
					"$(inherited)",
					"@executable_path/Frameworks",
				);
				MARKETING_VERSION = 1.0;
				PRODUCT_BUNDLE_IDENTIFIER = com.quocdoan.dev.FinalProject;
				PRODUCT_NAME = "$(TARGET_NAME)";
				PROVISIONING_PROFILE_SPECIFIER = "";
				SUPPORTED_PLATFORMS = "iphoneos iphonesimulator";
				SUPPORTS_MACCATALYST = NO;
				SUPPORTS_MAC_DESIGNED_FOR_IPHONE_IPAD = YES;
				SWIFT_EMIT_LOC_STRINGS = YES;
				SWIFT_VERSION = 5.0;
				TARGETED_DEVICE_FAMILY = 1;
			};
			name = Debug;
		};
		D27553A82907C1C600032E02 /* Release */ = {
			isa = XCBuildConfiguration;
			baseConfigurationReference = 893897C552A43E05BA857672 /* Pods-FinalProject.release.xcconfig */;
			buildSettings = {
				ASSETCATALOG_COMPILER_APPICON_NAME = AppIcon;
				ASSETCATALOG_COMPILER_GLOBAL_ACCENT_COLOR_NAME = AccentColor;
				CODE_SIGN_STYLE = Manual;
				CURRENT_PROJECT_VERSION = 1;
				DEVELOPMENT_TEAM = "";
				GENERATE_INFOPLIST_FILE = YES;
				INFOPLIST_FILE = FinalProject/SupportingFiles/Info.plist;
				INFOPLIST_KEY_UIApplicationSupportsIndirectInputEvents = YES;
				INFOPLIST_KEY_UILaunchStoryboardName = LaunchScreen;
				INFOPLIST_KEY_UIMainStoryboardFile = "";
				INFOPLIST_KEY_UISupportedInterfaceOrientations_iPad = "UIInterfaceOrientationPortrait UIInterfaceOrientationPortraitUpsideDown UIInterfaceOrientationLandscapeLeft UIInterfaceOrientationLandscapeRight";
				INFOPLIST_KEY_UISupportedInterfaceOrientations_iPhone = "UIInterfaceOrientationPortrait UIInterfaceOrientationLandscapeLeft UIInterfaceOrientationLandscapeRight";
				LD_RUNPATH_SEARCH_PATHS = (
					"$(inherited)",
					"@executable_path/Frameworks",
				);
				MARKETING_VERSION = 1.0;
				PRODUCT_BUNDLE_IDENTIFIER = com.quocdoan.dev.FinalProject;
				PRODUCT_NAME = "$(TARGET_NAME)";
				PROVISIONING_PROFILE_SPECIFIER = "";
				SUPPORTED_PLATFORMS = "iphoneos iphonesimulator";
				SUPPORTS_MACCATALYST = NO;
				SUPPORTS_MAC_DESIGNED_FOR_IPHONE_IPAD = YES;
				SWIFT_EMIT_LOC_STRINGS = YES;
				SWIFT_VERSION = 5.0;
				TARGETED_DEVICE_FAMILY = 1;
			};
			name = Release;
		};
/* End XCBuildConfiguration section */

/* Begin XCConfigurationList section */
		D275538D2907C1C400032E02 /* Build configuration list for PBXProject "FinalProject" */ = {
			isa = XCConfigurationList;
			buildConfigurations = (
				D27553A42907C1C600032E02 /* Debug */,
				D27553A52907C1C600032E02 /* Release */,
			);
			defaultConfigurationIsVisible = 0;
			defaultConfigurationName = Release;
		};
		D27553A62907C1C600032E02 /* Build configuration list for PBXNativeTarget "FinalProject" */ = {
			isa = XCConfigurationList;
			buildConfigurations = (
				D27553A72907C1C600032E02 /* Debug */,
				D27553A82907C1C600032E02 /* Release */,
			);
			defaultConfigurationIsVisible = 0;
			defaultConfigurationName = Release;
		};
/* End XCConfigurationList section */
	};
	rootObject = D275538A2907C1C400032E02 /* Project object */;
}
